
Microsoft Visual Studio Solution File, Format Version 12.00
# Visual Studio Version 17
VisualStudioVersion = 17.3.32922.545
MinimumVisualStudioVersion = 10.0.40219.1
Project("{FAE04EC0-301F-11D3-BF4B-00C04F79EFBC}") = "DecanatPro", "aislaba1\DecanatPro.csproj", "{4AC398F2-AE98-40E6-8243-F71E1EA2C027}"
EndProject
Project("{FAE04EC0-301F-11D3-BF4B-00C04F79EFBC}") = "StudentLib", "StudentLib\StudentLib.csproj", "{146AA0B1-6D4C-491E-8B3E-83C7B1DA7D6C}"
EndProject
Project("{FAE04EC0-301F-11D3-BF4B-00C04F79EFBC}") = "LogicLib", "LogicLib\LogicLib.csproj", "{AE9F3AB0-6782-47AE-AFFC-4B5C06DEBFCB}"
EndProject
Project("{FAE04EC0-301F-11D3-BF4B-00C04F79EFBC}") = "DecanatProConsole", "DecanatProConsole\DecanatProConsole.csproj", "{8680A219-347C-4C3A-90C8-6303BB969ADC}"
EndProject
Project("{FAE04EC0-301F-11D3-BF4B-00C04F79EFBC}") = "DALLib", "DALLib\DALLib.csproj", "{6611122F-16B8-4CD7-9540-91331CD17A4E}"
EndProject
Global
	GlobalSection(SolutionConfigurationPlatforms) = preSolution
		Debug|Any CPU = Debug|Any CPU
		Release|Any CPU = Release|Any CPU
	EndGlobalSection
	GlobalSection(ProjectConfigurationPlatforms) = postSolution
		{4AC398F2-AE98-40E6-8243-F71E1EA2C027}.Debug|Any CPU.ActiveCfg = Debug|Any CPU
		{4AC398F2-AE98-40E6-8243-F71E1EA2C027}.Debug|Any CPU.Build.0 = Debug|Any CPU
		{4AC398F2-AE98-40E6-8243-F71E1EA2C027}.Release|Any CPU.ActiveCfg = Release|Any CPU
		{4AC398F2-AE98-40E6-8243-F71E1EA2C027}.Release|Any CPU.Build.0 = Release|Any CPU
		{146AA0B1-6D4C-491E-8B3E-83C7B1DA7D6C}.Debug|Any CPU.ActiveCfg = Debug|Any CPU
		{146AA0B1-6D4C-491E-8B3E-83C7B1DA7D6C}.Debug|Any CPU.Build.0 = Debug|Any CPU
		{146AA0B1-6D4C-491E-8B3E-83C7B1DA7D6C}.Release|Any CPU.ActiveCfg = Release|Any CPU
		{146AA0B1-6D4C-491E-8B3E-83C7B1DA7D6C}.Release|Any CPU.Build.0 = Release|Any CPU
		{AE9F3AB0-6782-47AE-AFFC-4B5C06DEBFCB}.Debug|Any CPU.ActiveCfg = Debug|Any CPU
		{AE9F3AB0-6782-47AE-AFFC-4B5C06DEBFCB}.Debug|Any CPU.Build.0 = Debug|Any CPU
		{AE9F3AB0-6782-47AE-AFFC-4B5C06DEBFCB}.Release|Any CPU.ActiveCfg = Release|Any CPU
		{AE9F3AB0-6782-47AE-AFFC-4B5C06DEBFCB}.Release|Any CPU.Build.0 = Release|Any CPU
		{8680A219-347C-4C3A-90C8-6303BB969ADC}.Debug|Any CPU.ActiveCfg = Debug|Any CPU
		{8680A219-347C-4C3A-90C8-6303BB969ADC}.Debug|Any CPU.Build.0 = Debug|Any CPU
		{8680A219-347C-4C3A-90C8-6303BB969ADC}.Release|Any CPU.ActiveCfg = Release|Any CPU
		{8680A219-347C-4C3A-90C8-6303BB969ADC}.Release|Any CPU.Build.0 = Release|Any CPU
		{6611122F-16B8-4CD7-9540-91331CD17A4E}.Debug|Any CPU.ActiveCfg = Debug|Any CPU
		{6611122F-16B8-4CD7-9540-91331CD17A4E}.Debug|Any CPU.Build.0 = Debug|Any CPU
		{6611122F-16B8-4CD7-9540-91331CD17A4E}.Release|Any CPU.ActiveCfg = Release|Any CPU
		{6611122F-16B8-4CD7-9540-91331CD17A4E}.Release|Any CPU.Build.0 = Release|Any CPU
	EndGlobalSection
	GlobalSection(SolutionProperties) = preSolution
		HideSolutionNode = FALSE
	EndGlobalSection
	GlobalSection(ExtensibilityGlobals) = postSolution
		SolutionGuid = {765D54A6-C22A-43EF-AC7D-351C5606C2F8}
	EndGlobalSection
EndGlobal
